
Microsoft Visual Studio Solution File, Format Version 12.00
# Visual Studio Version 16
VisualStudioVersion = 16.0.30523.141
MinimumVisualStudioVersion = 10.0.40219.1
Project("{159641D6-6404-4A2A-AE62-294DE0FE8301}") = "TestImage", "TestImage.dtproj", "{1E113398-E337-479D-A630-C1D2A8CD8564}"
EndProject
Global
	GlobalSection(SolutionConfigurationPlatforms) = preSolution
		Development|Default = Development|Default
	EndGlobalSection
	GlobalSection(ProjectConfigurationPlatforms) = postSolution
		{1E113398-E337-479D-A630-C1D2A8CD8564}.Development|Default.ActiveCfg = Development
		{1E113398-E337-479D-A630-C1D2A8CD8564}.Development|Default.Build.0 = Development
	EndGlobalSection
	GlobalSection(SolutionProperties) = preSolution
		HideSolutionNode = FALSE
	EndGlobalSection
	GlobalSection(ExtensibilityGlobals) = postSolution
		SolutionGuid = {6C665B52-0B8B-4706-8542-FE11E0F35E00}
	EndGlobalSection
EndGlobal
